
Microsoft Visual Studio Solution File, Format Version 12.00
# Visual Studio Version 17
VisualStudioVersion = 17.6.33927.249
MinimumVisualStudioVersion = 10.0.40219.1
Project("{2150E333-8FDC-42A3-9474-1A3956D46DE8}") = "Src", "Src", "{BD5EBF50-026F-490E-98C3-6C001562AD71}"
EndProject
Project("{2150E333-8FDC-42A3-9474-1A3956D46DE8}") = "Core", "Core", "{7EF48B0D-2884-4491-B2CB-4EFD276D890B}"
EndProject
Project("{2150E333-8FDC-42A3-9474-1A3956D46DE8}") = "Infrastructure", "Infrastructure", "{4084FDFA-163B-4008-A67E-E0093E482B7E}"
EndProject
Project("{2150E333-8FDC-42A3-9474-1A3956D46DE8}") = "Presentation", "Presentation", "{D5A714A4-7200-40D9-A646-3D8776D484DB}"
EndProject
Project("{FAE04EC0-301F-11D3-BF4B-00C04F79EFBC}") = "ArkaDoor.Application", "ArkaDoor.Application\ArkaDoor.Application.csproj", "{C789C0A1-01D8-41E9-95A1-9173FC11D42B}"
EndProject
Project("{FAE04EC0-301F-11D3-BF4B-00C04F79EFBC}") = "ArkaDoor.Domain", "ArkaDoor.Domain\ArkaDoor.Domain.csproj", "{9970F2AA-A661-4150-A097-142383705E40}"
EndProject
Project("{FAE04EC0-301F-11D3-BF4B-00C04F79EFBC}") = "ArkaDoor.Infrastructure", "ArkaDoor.Infrastructure\ArkaDoor.Infrastructure.csproj", "{BE9E7276-8D44-46E1-BE78-77B18B52078A}"
EndProject
Project("{FAE04EC0-301F-11D3-BF4B-00C04F79EFBC}") = "ArkaDoor.Infrastructure.Persistence", "ArkaDoor.Infrastructure.Persistence\ArkaDoor.Infrastructure.Persistence.csproj", "{F233AD1B-74E5-4145-9AE9-46DEC90F4A73}"
EndProject
Project("{FAE04EC0-301F-11D3-BF4B-00C04F79EFBC}") = "ArkaDoor.Utilitiese", "ArkaDoor.Utilitiese\ArkaDoor.Utilitiese.csproj", "{6EF14254-DB69-46D3-8D8A-D19EA2D9C554}"
EndProject
Project("{FAE04EC0-301F-11D3-BF4B-00C04F79EFBC}") = "ArkaDoor.Presentation", "ArkaDoor.Presentation\ArkaDoor.Presentation.csproj", "{BE663009-578E-41C6-94B7-1C7E4F3FDDC3}"
EndProject
Global
	GlobalSection(SolutionConfigurationPlatforms) = preSolution
		Debug|Any CPU = Debug|Any CPU
		Release|Any CPU = Release|Any CPU
	EndGlobalSection
	GlobalSection(ProjectConfigurationPlatforms) = postSolution
		{C789C0A1-01D8-41E9-95A1-9173FC11D42B}.Debug|Any CPU.ActiveCfg = Debug|Any CPU
		{C789C0A1-01D8-41E9-95A1-9173FC11D42B}.Debug|Any CPU.Build.0 = Debug|Any CPU
		{C789C0A1-01D8-41E9-95A1-9173FC11D42B}.Release|Any CPU.ActiveCfg = Release|Any CPU
		{C789C0A1-01D8-41E9-95A1-9173FC11D42B}.Release|Any CPU.Build.0 = Release|Any CPU
		{9970F2AA-A661-4150-A097-142383705E40}.Debug|Any CPU.ActiveCfg = Debug|Any CPU
		{9970F2AA-A661-4150-A097-142383705E40}.Debug|Any CPU.Build.0 = Debug|Any CPU
		{9970F2AA-A661-4150-A097-142383705E40}.Release|Any CPU.ActiveCfg = Release|Any CPU
		{9970F2AA-A661-4150-A097-142383705E40}.Release|Any CPU.Build.0 = Release|Any CPU
		{BE9E7276-8D44-46E1-BE78-77B18B52078A}.Debug|Any CPU.ActiveCfg = Debug|Any CPU
		{BE9E7276-8D44-46E1-BE78-77B18B52078A}.Debug|Any CPU.Build.0 = Debug|Any CPU
		{BE9E7276-8D44-46E1-BE78-77B18B52078A}.Release|Any CPU.ActiveCfg = Release|Any CPU
		{BE9E7276-8D44-46E1-BE78-77B18B52078A}.Release|Any CPU.Build.0 = Release|Any CPU
		{F233AD1B-74E5-4145-9AE9-46DEC90F4A73}.Debug|Any CPU.ActiveCfg = Debug|Any CPU
		{F233AD1B-74E5-4145-9AE9-46DEC90F4A73}.Debug|Any CPU.Build.0 = Debug|Any CPU
		{F233AD1B-74E5-4145-9AE9-46DEC90F4A73}.Release|Any CPU.ActiveCfg = Release|Any CPU
		{F233AD1B-74E5-4145-9AE9-46DEC90F4A73}.Release|Any CPU.Build.0 = Release|Any CPU
		{6EF14254-DB69-46D3-8D8A-D19EA2D9C554}.Debug|Any CPU.ActiveCfg = Debug|Any CPU
		{6EF14254-DB69-46D3-8D8A-D19EA2D9C554}.Debug|Any CPU.Build.0 = Debug|Any CPU
		{6EF14254-DB69-46D3-8D8A-D19EA2D9C554}.Release|Any CPU.ActiveCfg = Release|Any CPU
		{6EF14254-DB69-46D3-8D8A-D19EA2D9C554}.Release|Any CPU.Build.0 = Release|Any CPU
		{BE663009-578E-41C6-94B7-1C7E4F3FDDC3}.Debug|Any CPU.ActiveCfg = Debug|Any CPU
		{BE663009-578E-41C6-94B7-1C7E4F3FDDC3}.Debug|Any CPU.Build.0 = Debug|Any CPU
		{BE663009-578E-41C6-94B7-1C7E4F3FDDC3}.Release|Any CPU.ActiveCfg = Release|Any CPU
		{BE663009-578E-41C6-94B7-1C7E4F3FDDC3}.Release|Any CPU.Build.0 = Release|Any CPU
	EndGlobalSection
	GlobalSection(SolutionProperties) = preSolution
		HideSolutionNode = FALSE
	EndGlobalSection
	GlobalSection(NestedProjects) = preSolution
		{7EF48B0D-2884-4491-B2CB-4EFD276D890B} = {BD5EBF50-026F-490E-98C3-6C001562AD71}
		{4084FDFA-163B-4008-A67E-E0093E482B7E} = {BD5EBF50-026F-490E-98C3-6C001562AD71}
		{D5A714A4-7200-40D9-A646-3D8776D484DB} = {BD5EBF50-026F-490E-98C3-6C001562AD71}
		{C789C0A1-01D8-41E9-95A1-9173FC11D42B} = {7EF48B0D-2884-4491-B2CB-4EFD276D890B}
		{9970F2AA-A661-4150-A097-142383705E40} = {7EF48B0D-2884-4491-B2CB-4EFD276D890B}
		{BE9E7276-8D44-46E1-BE78-77B18B52078A} = {4084FDFA-163B-4008-A67E-E0093E482B7E}
		{F233AD1B-74E5-4145-9AE9-46DEC90F4A73} = {4084FDFA-163B-4008-A67E-E0093E482B7E}
		{6EF14254-DB69-46D3-8D8A-D19EA2D9C554} = {4084FDFA-163B-4008-A67E-E0093E482B7E}
		{BE663009-578E-41C6-94B7-1C7E4F3FDDC3} = {D5A714A4-7200-40D9-A646-3D8776D484DB}
	EndGlobalSection
	GlobalSection(ExtensibilityGlobals) = postSolution
		SolutionGuid = {2475032E-B345-469F-BC04-B351BF8D9383}
	EndGlobalSection
EndGlobal
